
Microsoft Visual Studio Solution File, Format Version 12.00
# Visual Studio 15
Project("{FAE04EC0-301F-11D3-BF4B-00C04F79EFBC}") = "Assembly-CSharp", "Assembly-CSharp.csproj", "{2CCEDB82-0C3B-5E6C-25F2-8FD06C4E1F4B}"
EndProject
Project("{FAE04EC0-301F-11D3-BF4B-00C04F79EFBC}") = "Assembly-CSharp-Editor", "Assembly-CSharp-Editor.csproj", "{9523E8DB-07E5-A532-AEF8-F0F445D3023C}"
EndProject
Global
	GlobalSection(SolutionConfigurationPlatforms) = preSolution
		Debug|Any CPU = Debug|Any CPU
		Release|Any CPU = Release|Any CPU
	EndGlobalSection
	GlobalSection(ProjectConfigurationPlatforms) = postSolution
		{2CCEDB82-0C3B-5E6C-25F2-8FD06C4E1F4B}.Debug|Any CPU.ActiveCfg = Debug|Any CPU
		{2CCEDB82-0C3B-5E6C-25F2-8FD06C4E1F4B}.Debug|Any CPU.Build.0 = Debug|Any CPU
		{2CCEDB82-0C3B-5E6C-25F2-8FD06C4E1F4B}.Release|Any CPU.ActiveCfg = Release|Any CPU
		{2CCEDB82-0C3B-5E6C-25F2-8FD06C4E1F4B}.Release|Any CPU.Build.0 = Release|Any CPU
		{9523E8DB-07E5-A532-AEF8-F0F445D3023C}.Debug|Any CPU.ActiveCfg = Debug|Any CPU
		{9523E8DB-07E5-A532-AEF8-F0F445D3023C}.Debug|Any CPU.Build.0 = Debug|Any CPU
		{9523E8DB-07E5-A532-AEF8-F0F445D3023C}.Release|Any CPU.ActiveCfg = Release|Any CPU
		{9523E8DB-07E5-A532-AEF8-F0F445D3023C}.Release|Any CPU.Build.0 = Release|Any CPU
	EndGlobalSection
	GlobalSection(SolutionProperties) = preSolution
		HideSolutionNode = FALSE
	EndGlobalSection
EndGlobal
